// !$*UTF8*$!
{
	archiveVersion = 1;
	classes = {
	};
	objectVersion = 55;
	objects = {

/* Begin PBXBuildFile section */
		6556DF192806667000DD0019 /* DetailView.swift in Sources */ = {isa = PBXBuildFile; fileRef = 6556DF182806667000DD0019 /* DetailView.swift */; };
		6556DF1B28066DE200DD0019 /* CreditsView.swift in Sources */ = {isa = PBXBuildFile; fileRef = 6556DF1A28066DE200DD0019 /* CreditsView.swift */; };
		6556DF1E28066E6900DD0019 /* Header.swift in Sources */ = {isa = PBXBuildFile; fileRef = 6556DF1D28066E6900DD0019 /* Header.swift */; };
		6556DF20280692EB00DD0019 /* SettingsView.swift in Sources */ = {isa = PBXBuildFile; fileRef = 6556DF1F280692EB00DD0019 /* SettingsView.swift */; };
		65E232B62805A15A00F36319 /* Notes WatchKit App.app in Embed Watch Content */ = {isa = PBXBuildFile; fileRef = 65E232B52805A15A00F36319 /* Notes WatchKit App.app */; settings = {ATTRIBUTES = (RemoveHeadersOnCopy, ); }; };
		65E232BB2805A15D00F36319 /* Assets.xcassets in Resources */ = {isa = PBXBuildFile; fileRef = 65E232BA2805A15D00F36319 /* Assets.xcassets */; };
		65E232C12805A15D00F36319 /* Notes WatchKit Extension.appex in Embed App Extensions */ = {isa = PBXBuildFile; fileRef = 65E232C02805A15D00F36319 /* Notes WatchKit Extension.appex */; settings = {ATTRIBUTES = (RemoveHeadersOnCopy, ); }; };
		65E232C62805A15D00F36319 /* NotesApp.swift in Sources */ = {isa = PBXBuildFile; fileRef = 65E232C52805A15D00F36319 /* NotesApp.swift */; };
		65E232C82805A15D00F36319 /* ContentView.swift in Sources */ = {isa = PBXBuildFile; fileRef = 65E232C72805A15D00F36319 /* ContentView.swift */; };
		65E232CA2805A15D00F36319 /* NotificationController.swift in Sources */ = {isa = PBXBuildFile; fileRef = 65E232C92805A15D00F36319 /* NotificationController.swift */; };
		65E232CC2805A15D00F36319 /* NotificationView.swift in Sources */ = {isa = PBXBuildFile; fileRef = 65E232CB2805A15D00F36319 /* NotificationView.swift */; };
		65E232CE2805A15D00F36319 /* ComplicationController.swift in Sources */ = {isa = PBXBuildFile; fileRef = 65E232CD2805A15D00F36319 /* ComplicationController.swift */; };
		65E232D02805A15E00F36319 /* Assets.xcassets in Resources */ = {isa = PBXBuildFile; fileRef = 65E232CF2805A15E00F36319 /* Assets.xcassets */; };
		65E232D32805A15E00F36319 /* Preview Assets.xcassets in Resources */ = {isa = PBXBuildFile; fileRef = 65E232D22805A15E00F36319 /* Preview Assets.xcassets */; };
		65E232E62805A8A900F36319 /* Note.swift in Sources */ = {isa = PBXBuildFile; fileRef = 65E232E52805A8A900F36319 /* Note.swift */; };
/* End PBXBuildFile section */

/* Begin PBXContainerItemProxy section */
		65E232B72805A15A00F36319 /* PBXContainerItemProxy */ = {
			isa = PBXContainerItemProxy;
			containerPortal = 65E232AB2805A15A00F36319 /* Project object */;
			proxyType = 1;
			remoteGlobalIDString = 65E232B42805A15A00F36319;
			remoteInfo = "Notes WatchKit App";
		};
		65E232C22805A15D00F36319 /* PBXContainerItemProxy */ = {
			isa = PBXContainerItemProxy;
			containerPortal = 65E232AB2805A15A00F36319 /* Project object */;
			proxyType = 1;
			remoteGlobalIDString = 65E232BF2805A15D00F36319;
			remoteInfo = "Notes WatchKit Extension";
		};
/* End PBXContainerItemProxy section */

/* Begin PBXCopyFilesBuildPhase section */
		65E232DB2805A15E00F36319 /* Embed App Extensions */ = {
			isa = PBXCopyFilesBuildPhase;
			buildActionMask = 2147483647;
			dstPath = "";
			dstSubfolderSpec = 13;
			files = (
				65E232C12805A15D00F36319 /* Notes WatchKit Extension.appex in Embed App Extensions */,
			);
			name = "Embed App Extensions";
			runOnlyForDeploymentPostprocessing = 0;
		};
		65E232DF2805A15E00F36319 /* Embed Watch Content */ = {
			isa = PBXCopyFilesBuildPhase;
			buildActionMask = 2147483647;
			dstPath = "$(CONTENTS_FOLDER_PATH)/Watch";
			dstSubfolderSpec = 16;
			files = (
				65E232B62805A15A00F36319 /* Notes WatchKit App.app in Embed Watch Content */,
			);
			name = "Embed Watch Content";
			runOnlyForDeploymentPostprocessing = 0;
		};
/* End PBXCopyFilesBuildPhase section */

/* Begin PBXFileReference section */
		6556DF182806667000DD0019 /* DetailView.swift */ = {isa = PBXFileReference; lastKnownFileType = sourcecode.swift; path = DetailView.swift; sourceTree = "<group>"; };
		6556DF1A28066DE200DD0019 /* CreditsView.swift */ = {isa = PBXFileReference; lastKnownFileType = sourcecode.swift; path = CreditsView.swift; sourceTree = "<group>"; };
		6556DF1D28066E6900DD0019 /* Header.swift */ = {isa = PBXFileReference; lastKnownFileType = sourcecode.swift; path = Header.swift; sourceTree = "<group>"; };
		6556DF1F280692EB00DD0019 /* SettingsView.swift */ = {isa = PBXFileReference; lastKnownFileType = sourcecode.swift; path = SettingsView.swift; sourceTree = "<group>"; };
		65E232B12805A15A00F36319 /* Notes.app */ = {isa = PBXFileReference; explicitFileType = wrapper.application; includeInIndex = 0; path = Notes.app; sourceTree = BUILT_PRODUCTS_DIR; };
		65E232B52805A15A00F36319 /* Notes WatchKit App.app */ = {isa = PBXFileReference; explicitFileType = wrapper.application; includeInIndex = 0; path = "Notes WatchKit App.app"; sourceTree = BUILT_PRODUCTS_DIR; };
		65E232BA2805A15D00F36319 /* Assets.xcassets */ = {isa = PBXFileReference; lastKnownFileType = folder.assetcatalog; path = Assets.xcassets; sourceTree = "<group>"; };
		65E232C02805A15D00F36319 /* Notes WatchKit Extension.appex */ = {isa = PBXFileReference; explicitFileType = "wrapper.app-extension"; includeInIndex = 0; path = "Notes WatchKit Extension.appex"; sourceTree = BUILT_PRODUCTS_DIR; };
		65E232C52805A15D00F36319 /* NotesApp.swift */ = {isa = PBXFileReference; lastKnownFileType = sourcecode.swift; path = NotesApp.swift; sourceTree = "<group>"; };
		65E232C72805A15D00F36319 /* ContentView.swift */ = {isa = PBXFileReference; lastKnownFileType = sourcecode.swift; path = ContentView.swift; sourceTree = "<group>"; };
		65E232C92805A15D00F36319 /* NotificationController.swift */ = {isa = PBXFileReference; lastKnownFileType = sourcecode.swift; path = NotificationController.swift; sourceTree = "<group>"; };
		65E232CB2805A15D00F36319 /* NotificationView.swift */ = {isa = PBXFileReference; lastKnownFileType = sourcecode.swift; path = NotificationView.swift; sourceTree = "<group>"; };
		65E232CD2805A15D00F36319 /* ComplicationController.swift */ = {isa = PBXFileReference; lastKnownFileType = sourcecode.swift; path = ComplicationController.swift; sourceTree = "<group>"; };
		65E232CF2805A15E00F36319 /* Assets.xcassets */ = {isa = PBXFileReference; lastKnownFileType = folder.assetcatalog; path = Assets.xcassets; sourceTree = "<group>"; };
		65E232D22805A15E00F36319 /* Preview Assets.xcassets */ = {isa = PBXFileReference; lastKnownFileType = folder.assetcatalog; path = "Preview Assets.xcassets"; sourceTree = "<group>"; };
		65E232D42805A15E00F36319 /* Info.plist */ = {isa = PBXFileReference; lastKnownFileType = text.plist.xml; path = Info.plist; sourceTree = "<group>"; };
		65E232D52805A15E00F36319 /* PushNotificationPayload.apns */ = {isa = PBXFileReference; lastKnownFileType = text; path = PushNotificationPayload.apns; sourceTree = "<group>"; };
		65E232E52805A8A900F36319 /* Note.swift */ = {isa = PBXFileReference; lastKnownFileType = sourcecode.swift; path = Note.swift; sourceTree = "<group>"; };
/* End PBXFileReference section */

/* Begin PBXFrameworksBuildPhase section */
		65E232BD2805A15D00F36319 /* Frameworks */ = {
			isa = PBXFrameworksBuildPhase;
			buildActionMask = 2147483647;
			files = (
			);
			runOnlyForDeploymentPostprocessing = 0;
		};
/* End PBXFrameworksBuildPhase section */

/* Begin PBXGroup section */
		6556DF1C28066E5100DD0019 /* Component */ = {
			isa = PBXGroup;
			children = (
				6556DF1D28066E6900DD0019 /* Header.swift */,
			);
			path = Component;
			sourceTree = "<group>";
		};
		65E232AA2805A15A00F36319 = {
			isa = PBXGroup;
			children = (
				65E232B92805A15A00F36319 /* Notes WatchKit App */,
				65E232C42805A15D00F36319 /* Notes WatchKit Extension */,
				65E232B22805A15A00F36319 /* Products */,
			);
			sourceTree = "<group>";
		};
		65E232B22805A15A00F36319 /* Products */ = {
			isa = PBXGroup;
			children = (
				65E232B12805A15A00F36319 /* Notes.app */,
				65E232B52805A15A00F36319 /* Notes WatchKit App.app */,
				65E232C02805A15D00F36319 /* Notes WatchKit Extension.appex */,
			);
			name = Products;
			sourceTree = "<group>";
		};
		65E232B92805A15A00F36319 /* Notes WatchKit App */ = {
			isa = PBXGroup;
			children = (
				65E232BA2805A15D00F36319 /* Assets.xcassets */,
			);
			path = "Notes WatchKit App";
			sourceTree = "<group>";
		};
		65E232C42805A15D00F36319 /* Notes WatchKit Extension */ = {
			isa = PBXGroup;
			children = (
				6556DF1C28066E5100DD0019 /* Component */,
				65E232E42805A89E00F36319 /* Model */,
				65E232C52805A15D00F36319 /* NotesApp.swift */,
				65E232E32805A88900F36319 /* View */,
				65E232C92805A15D00F36319 /* NotificationController.swift */,
				65E232CB2805A15D00F36319 /* NotificationView.swift */,
				65E232CD2805A15D00F36319 /* ComplicationController.swift */,
				65E232CF2805A15E00F36319 /* Assets.xcassets */,
				65E232D42805A15E00F36319 /* Info.plist */,
				65E232D52805A15E00F36319 /* PushNotificationPayload.apns */,
				65E232D12805A15E00F36319 /* Preview Content */,
			);
			path = "Notes WatchKit Extension";
			sourceTree = "<group>";
		};
		65E232D12805A15E00F36319 /* Preview Content */ = {
			isa = PBXGroup;
			children = (
				65E232D22805A15E00F36319 /* Preview Assets.xcassets */,
			);
			path = "Preview Content";
			sourceTree = "<group>";
		};
		65E232E32805A88900F36319 /* View */ = {
			isa = PBXGroup;
			children = (
				65E232C72805A15D00F36319 /* ContentView.swift */,
				6556DF182806667000DD0019 /* DetailView.swift */,
				6556DF1A28066DE200DD0019 /* CreditsView.swift */,
				6556DF1F280692EB00DD0019 /* SettingsView.swift */,
			);
			path = View;
			sourceTree = "<group>";
		};
		65E232E42805A89E00F36319 /* Model */ = {
			isa = PBXGroup;
			children = (
				65E232E52805A8A900F36319 /* Note.swift */,
			);
			path = Model;
			sourceTree = "<group>";
		};
/* End PBXGroup section */

/* Begin PBXNativeTarget section */
		65E232B02805A15A00F36319 /* Notes */ = {
			isa = PBXNativeTarget;
			buildConfigurationList = 65E232E02805A15E00F36319 /* Build configuration list for PBXNativeTarget "Notes" */;
			buildPhases = (
				65E232AF2805A15A00F36319 /* Resources */,
				65E232DF2805A15E00F36319 /* Embed Watch Content */,
			);
			buildRules = (
			);
			dependencies = (
				65E232B82805A15A00F36319 /* PBXTargetDependency */,
			);
			name = Notes;
			productName = Notes;
			productReference = 65E232B12805A15A00F36319 /* Notes.app */;
			productType = "com.apple.product-type.application.watchapp2-container";
		};
		65E232B42805A15A00F36319 /* Notes WatchKit App */ = {
			isa = PBXNativeTarget;
			buildConfigurationList = 65E232DC2805A15E00F36319 /* Build configuration list for PBXNativeTarget "Notes WatchKit App" */;
			buildPhases = (
				65E232B32805A15A00F36319 /* Resources */,
				65E232DB2805A15E00F36319 /* Embed App Extensions */,
			);
			buildRules = (
			);
			dependencies = (
				65E232C32805A15D00F36319 /* PBXTargetDependency */,
			);
			name = "Notes WatchKit App";
			productName = "Notes WatchKit App";
			productReference = 65E232B52805A15A00F36319 /* Notes WatchKit App.app */;
			productType = "com.apple.product-type.application.watchapp2";
		};
		65E232BF2805A15D00F36319 /* Notes WatchKit Extension */ = {
			isa = PBXNativeTarget;
			buildConfigurationList = 65E232D82805A15E00F36319 /* Build configuration list for PBXNativeTarget "Notes WatchKit Extension" */;
			buildPhases = (
				65E232BC2805A15D00F36319 /* Sources */,
				65E232BD2805A15D00F36319 /* Frameworks */,
				65E232BE2805A15D00F36319 /* Resources */,
			);
			buildRules = (
			);
			dependencies = (
			);
			name = "Notes WatchKit Extension";
			productName = "Notes WatchKit Extension";
			productReference = 65E232C02805A15D00F36319 /* Notes WatchKit Extension.appex */;
			productType = "com.apple.product-type.watchkit2-extension";
		};
/* End PBXNativeTarget section */

/* Begin PBXProject section */
		65E232AB2805A15A00F36319 /* Project object */ = {
			isa = PBXProject;
			attributes = {
				BuildIndependentTargetsInParallel = 1;
				LastSwiftUpdateCheck = 1320;
				LastUpgradeCheck = 1320;
				TargetAttributes = {
					65E232B02805A15A00F36319 = {
						CreatedOnToolsVersion = 13.2.1;
					};
					65E232B42805A15A00F36319 = {
						CreatedOnToolsVersion = 13.2.1;
					};
					65E232BF2805A15D00F36319 = {
						CreatedOnToolsVersion = 13.2.1;
					};
				};
			};
			buildConfigurationList = 65E232AE2805A15A00F36319 /* Build configuration list for PBXProject "Notes" */;
			compatibilityVersion = "Xcode 13.0";
			developmentRegion = en;
			hasScannedForEncodings = 0;
			knownRegions = (
				en,
				Base,
			);
			mainGroup = 65E232AA2805A15A00F36319;
			productRefGroup = 65E232B22805A15A00F36319 /* Products */;
			projectDirPath = "";
			projectRoot = "";
			targets = (
				65E232B02805A15A00F36319 /* Notes */,
				65E232B42805A15A00F36319 /* Notes WatchKit App */,
				65E232BF2805A15D00F36319 /* Notes WatchKit Extension */,
			);
		};
/* End PBXProject section */

/* Begin PBXResourcesBuildPhase section */
		65E232AF2805A15A00F36319 /* Resources */ = {
			isa = PBXResourcesBuildPhase;
			buildActionMask = 2147483647;
			files = (
			);
			runOnlyForDeploymentPostprocessing = 0;
		};
		65E232B32805A15A00F36319 /* Resources */ = {
			isa = PBXResourcesBuildPhase;
			buildActionMask = 2147483647;
			files = (
				65E232BB2805A15D00F36319 /* Assets.xcassets in Resources */,
			);
			runOnlyForDeploymentPostprocessing = 0;
		};
		65E232BE2805A15D00F36319 /* Resources */ = {
			isa = PBXResourcesBuildPhase;
			buildActionMask = 2147483647;
			files = (
				65E232D32805A15E00F36319 /* Preview Assets.xcassets in Resources */,
				65E232D02805A15E00F36319 /* Assets.xcassets in Resources */,
			);
			runOnlyForDeploymentPostprocessing = 0;
		};
/* End PBXResourcesBuildPhase section */

/* Begin PBXSourcesBuildPhase section */
		65E232BC2805A15D00F36319 /* Sources */ = {
			isa = PBXSourcesBuildPhase;
			buildActionMask = 2147483647;
			files = (
				65E232CA2805A15D00F36319 /* NotificationController.swift in Sources */,
				6556DF1E28066E6900DD0019 /* Header.swift in Sources */,
				65E232C82805A15D00F36319 /* ContentView.swift in Sources */,
				65E232CE2805A15D00F36319 /* ComplicationController.swift in Sources */,
				6556DF192806667000DD0019 /* DetailView.swift in Sources */,
				6556DF20280692EB00DD0019 /* SettingsView.swift in Sources */,
				65E232C62805A15D00F36319 /* NotesApp.swift in Sources */,
				6556DF1B28066DE200DD0019 /* CreditsView.swift in Sources */,
				65E232CC2805A15D00F36319 /* NotificationView.swift in Sources */,
				65E232E62805A8A900F36319 /* Note.swift in Sources */,
			);
			runOnlyForDeploymentPostprocessing = 0;
		};
/* End PBXSourcesBuildPhase section */

/* Begin PBXTargetDependency section */
		65E232B82805A15A00F36319 /* PBXTargetDependency */ = {
			isa = PBXTargetDependency;
			target = 65E232B42805A15A00F36319 /* Notes WatchKit App */;
			targetProxy = 65E232B72805A15A00F36319 /* PBXContainerItemProxy */;
		};
		65E232C32805A15D00F36319 /* PBXTargetDependency */ = {
			isa = PBXTargetDependency;
			target = 65E232BF2805A15D00F36319 /* Notes WatchKit Extension */;
			targetProxy = 65E232C22805A15D00F36319 /* PBXContainerItemProxy */;
		};
/* End PBXTargetDependency section */

/* Begin XCBuildConfiguration section */
		65E232D62805A15E00F36319 /* Debug */ = {
			isa = XCBuildConfiguration;
			buildSettings = {
				ALWAYS_SEARCH_USER_PATHS = NO;
				CLANG_ANALYZER_NONNULL = YES;
				CLANG_ANALYZER_NUMBER_OBJECT_CONVERSION = YES_AGGRESSIVE;
				CLANG_CXX_LANGUAGE_STANDARD = "gnu++17";
				CLANG_CXX_LIBRARY = "libc++";
				CLANG_ENABLE_MODULES = YES;
				CLANG_ENABLE_OBJC_ARC = YES;
				CLANG_ENABLE_OBJC_WEAK = YES;
				CLANG_WARN_BLOCK_CAPTURE_AUTORELEASING = YES;
				CLANG_WARN_BOOL_CONVERSION = YES;
				CLANG_WARN_COMMA = YES;
				CLANG_WARN_CONSTANT_CONVERSION = YES;
				CLANG_WARN_DEPRECATED_OBJC_IMPLEMENTATIONS = YES;
				CLANG_WARN_DIRECT_OBJC_ISA_USAGE = YES_ERROR;
				CLANG_WARN_DOCUMENTATION_COMMENTS = YES;
				CLANG_WARN_EMPTY_BODY = YES;
				CLANG_WARN_ENUM_CONVERSION = YES;
				CLANG_WARN_INFINITE_RECURSION = YES;
				CLANG_WARN_INT_CONVERSION = YES;
				CLANG_WARN_NON_LITERAL_NULL_CONVERSION = YES;
				CLANG_WARN_OBJC_IMPLICIT_RETAIN_SELF = YES;
				CLANG_WARN_OBJC_LITERAL_CONVERSION = YES;
				CLANG_WARN_OBJC_ROOT_CLASS = YES_ERROR;
				CLANG_WARN_QUOTED_INCLUDE_IN_FRAMEWORK_HEADER = YES;
				CLANG_WARN_RANGE_LOOP_ANALYSIS = YES;
				CLANG_WARN_STRICT_PROTOTYPES = YES;
				CLANG_WARN_SUSPICIOUS_MOVE = YES;
				CLANG_WARN_UNGUARDED_AVAILABILITY = YES_AGGRESSIVE;
				CLANG_WARN_UNREACHABLE_CODE = YES;
				CLANG_WARN__DUPLICATE_METHOD_MATCH = YES;
				COPY_PHASE_STRIP = NO;
				DEBUG_INFORMATION_FORMAT = dwarf;
				ENABLE_STRICT_OBJC_MSGSEND = YES;
				ENABLE_TESTABILITY = YES;
				GCC_C_LANGUAGE_STANDARD = gnu11;
				GCC_DYNAMIC_NO_PIC = NO;
				GCC_NO_COMMON_BLOCKS = YES;
				GCC_OPTIMIZATION_LEVEL = 0;
				GCC_PREPROCESSOR_DEFINITIONS = (
					"DEBUG=1",
					"$(inherited)",
				);
				GCC_WARN_64_TO_32_BIT_CONVERSION = YES;
				GCC_WARN_ABOUT_RETURN_TYPE = YES_ERROR;
				GCC_WARN_UNDECLARED_SELECTOR = YES;
				GCC_WARN_UNINITIALIZED_AUTOS = YES_AGGRESSIVE;
				GCC_WARN_UNUSED_FUNCTION = YES;
				GCC_WARN_UNUSED_VARIABLE = YES;
				MTL_ENABLE_DEBUG_INFO = INCLUDE_SOURCE;
				MTL_FAST_MATH = YES;
				ONLY_ACTIVE_ARCH = YES;
				SDKROOT = iphoneos;
				SWIFT_ACTIVE_COMPILATION_CONDITIONS = DEBUG;
				SWIFT_OPTIMIZATION_LEVEL = "-Onone";
			};
			name = Debug;
		};
		65E232D72805A15E00F36319 /* Release */ = {
			isa = XCBuildConfiguration;
			buildSettings = {
				ALWAYS_SEARCH_USER_PATHS = NO;
				CLANG_ANALYZER_NONNULL = YES;
				CLANG_ANALYZER_NUMBER_OBJECT_CONVERSION = YES_AGGRESSIVE;
				CLANG_CXX_LANGUAGE_STANDARD = "gnu++17";
				CLANG_CXX_LIBRARY = "libc++";
				CLANG_ENABLE_MODULES = YES;
				CLANG_ENABLE_OBJC_ARC = YES;
				CLANG_ENABLE_OBJC_WEAK = YES;
				CLANG_WARN_BLOCK_CAPTURE_AUTORELEASING = YES;
				CLANG_WARN_BOOL_CONVERSION = YES;
				CLANG_WARN_COMMA = YES;
				CLANG_WARN_CONSTANT_CONVERSION = YES;
				CLANG_WARN_DEPRECATED_OBJC_IMPLEMENTATIONS = YES;
				CLANG_WARN_DIRECT_OBJC_ISA_USAGE = YES_ERROR;
				CLANG_WARN_DOCUMENTATION_COMMENTS = YES;
				CLANG_WARN_EMPTY_BODY = YES;
				CLANG_WARN_ENUM_CONVERSION = YES;
				CLANG_WARN_INFINITE_RECURSION = YES;
				CLANG_WARN_INT_CONVERSION = YES;
				CLANG_WARN_NON_LITERAL_NULL_CONVERSION = YES;
				CLANG_WARN_OBJC_IMPLICIT_RETAIN_SELF = YES;
				CLANG_WARN_OBJC_LITERAL_CONVERSION = YES;
				CLANG_WARN_OBJC_ROOT_CLASS = YES_ERROR;
				CLANG_WARN_QUOTED_INCLUDE_IN_FRAMEWORK_HEADER = YES;
				CLANG_WARN_RANGE_LOOP_ANALYSIS = YES;
				CLANG_WARN_STRICT_PROTOTYPES = YES;
				CLANG_WARN_SUSPICIOUS_MOVE = YES;
				CLANG_WARN_UNGUARDED_AVAILABILITY = YES_AGGRESSIVE;
				CLANG_WARN_UNREACHABLE_CODE = YES;
				CLANG_WARN__DUPLICATE_METHOD_MATCH = YES;
				COPY_PHASE_STRIP = NO;
				DEBUG_INFORMATION_FORMAT = "dwarf-with-dsym";
				ENABLE_NS_ASSERTIONS = NO;
				ENABLE_STRICT_OBJC_MSGSEND = YES;
				GCC_C_LANGUAGE_STANDARD = gnu11;
				GCC_NO_COMMON_BLOCKS = YES;
				GCC_WARN_64_TO_32_BIT_CONVERSION = YES;
				GCC_WARN_ABOUT_RETURN_TYPE = YES_ERROR;
				GCC_WARN_UNDECLARED_SELECTOR = YES;
				GCC_WARN_UNINITIALIZED_AUTOS = YES_AGGRESSIVE;
				GCC_WARN_UNUSED_FUNCTION = YES;
				GCC_WARN_UNUSED_VARIABLE = YES;
				MTL_ENABLE_DEBUG_INFO = NO;
				MTL_FAST_MATH = YES;
				SDKROOT = iphoneos;
				SWIFT_COMPILATION_MODE = wholemodule;
				SWIFT_OPTIMIZATION_LEVEL = "-O";
				VALIDATE_PRODUCT = YES;
			};
			name = Release;
		};
		65E232D92805A15E00F36319 /* Debug */ = {
			isa = XCBuildConfiguration;
			buildSettings = {
				ASSETCATALOG_COMPILER_COMPLICATION_NAME = Complication;
				CODE_SIGN_STYLE = Automatic;
				CURRENT_PROJECT_VERSION = 1;
				DEVELOPMENT_ASSET_PATHS = "\"Notes WatchKit Extension/Preview Content\"";
				DEVELOPMENT_TEAM = 735X8389JS;
				ENABLE_PREVIEWS = YES;
				GENERATE_INFOPLIST_FILE = YES;
				INFOPLIST_FILE = "Notes WatchKit Extension/Info.plist";
				INFOPLIST_KEY_CFBundleDisplayName = "Notes WatchKit Extension";
				INFOPLIST_KEY_CLKComplicationPrincipalClass = "$(PRODUCT_MODULE_NAME).ComplicationController";
				INFOPLIST_KEY_NSHumanReadableCopyright = "";
				INFOPLIST_KEY_WKWatchOnly = YES;
				LD_RUNPATH_SEARCH_PATHS = (
					"$(inherited)",
					"@executable_path/Frameworks",
					"@executable_path/../../Frameworks",
				);
				MARKETING_VERSION = 1.0;
				PRODUCT_BUNDLE_IDENTIFIER = com.deloitte.Notes.watchkitapp.watchkitextension;
				PRODUCT_NAME = "${TARGET_NAME}";
				SDKROOT = watchos;
				SKIP_INSTALL = YES;
				SWIFT_EMIT_LOC_STRINGS = YES;
				SWIFT_VERSION = 5.0;
				TARGETED_DEVICE_FAMILY = 4;
				WATCHOS_DEPLOYMENT_TARGET = 8.3;
			};
			name = Debug;
		};
		65E232DA2805A15E00F36319 /* Release */ = {
			isa = XCBuildConfiguration;
			buildSettings = {
				ASSETCATALOG_COMPILER_COMPLICATION_NAME = Complication;
				CODE_SIGN_STYLE = Automatic;
				CURRENT_PROJECT_VERSION = 1;
				DEVELOPMENT_ASSET_PATHS = "\"Notes WatchKit Extension/Preview Content\"";
				DEVELOPMENT_TEAM = 735X8389JS;
				ENABLE_PREVIEWS = YES;
				GENERATE_INFOPLIST_FILE = YES;
				INFOPLIST_FILE = "Notes WatchKit Extension/Info.plist";
				INFOPLIST_KEY_CFBundleDisplayName = "Notes WatchKit Extension";
				INFOPLIST_KEY_CLKComplicationPrincipalClass = "$(PRODUCT_MODULE_NAME).ComplicationController";
				INFOPLIST_KEY_NSHumanReadableCopyright = "";
				INFOPLIST_KEY_WKWatchOnly = YES;
				LD_RUNPATH_SEARCH_PATHS = (
					"$(inherited)",
					"@executable_path/Frameworks",
					"@executable_path/../../Frameworks",
				);
				MARKETING_VERSION = 1.0;
				PRODUCT_BUNDLE_IDENTIFIER = com.deloitte.Notes.watchkitapp.watchkitextension;
				PRODUCT_NAME = "${TARGET_NAME}";
				SDKROOT = watchos;
				SKIP_INSTALL = YES;
				SWIFT_EMIT_LOC_STRINGS = YES;
				SWIFT_VERSION = 5.0;
				TARGETED_DEVICE_FAMILY = 4;
				WATCHOS_DEPLOYMENT_TARGET = 8.3;
			};
			name = Release;
		};
		65E232DD2805A15E00F36319 /* Debug */ = {
			isa = XCBuildConfiguration;
			buildSettings = {
				ALWAYS_EMBED_SWIFT_STANDARD_LIBRARIES = YES;
				ASSETCATALOG_COMPILER_APPICON_NAME = AppIcon;
				ASSETCATALOG_COMPILER_GLOBAL_ACCENT_COLOR_NAME = AccentColor;
				CODE_SIGN_STYLE = Automatic;
				CURRENT_PROJECT_VERSION = 1;
				DEVELOPMENT_TEAM = 735X8389JS;
				GENERATE_INFOPLIST_FILE = YES;
				IBSC_MODULE = Notes_WatchKit_Extension;
				INFOPLIST_KEY_CFBundleDisplayName = "Notes WatchKit App";
				INFOPLIST_KEY_UISupportedInterfaceOrientations = "UIInterfaceOrientationPortrait UIInterfaceOrientationPortraitUpsideDown";
				MARKETING_VERSION = 1.0;
				PRODUCT_BUNDLE_IDENTIFIER = com.deloitte.Notes.watchkitapp;
				PRODUCT_NAME = "$(TARGET_NAME)";
				SDKROOT = watchos;
				SKIP_INSTALL = YES;
				SWIFT_EMIT_LOC_STRINGS = YES;
				SWIFT_VERSION = 5.0;
				TARGETED_DEVICE_FAMILY = 4;
				WATCHOS_DEPLOYMENT_TARGET = 8.3;
			};
			name = Debug;
		};
		65E232DE2805A15E00F36319 /* Release */ = {
			isa = XCBuildConfiguration;
			buildSettings = {
				ALWAYS_EMBED_SWIFT_STANDARD_LIBRARIES = YES;
				ASSETCATALOG_COMPILER_APPICON_NAME = AppIcon;
				ASSETCATALOG_COMPILER_GLOBAL_ACCENT_COLOR_NAME = AccentColor;
				CODE_SIGN_STYLE = Automatic;
				CURRENT_PROJECT_VERSION = 1;
				DEVELOPMENT_TEAM = 735X8389JS;
				GENERATE_INFOPLIST_FILE = YES;
				IBSC_MODULE = Notes_WatchKit_Extension;
				INFOPLIST_KEY_CFBundleDisplayName = "Notes WatchKit App";
				INFOPLIST_KEY_UISupportedInterfaceOrientations = "UIInterfaceOrientationPortrait UIInterfaceOrientationPortraitUpsideDown";
				MARKETING_VERSION = 1.0;
				PRODUCT_BUNDLE_IDENTIFIER = com.deloitte.Notes.watchkitapp;
				PRODUCT_NAME = "$(TARGET_NAME)";
				SDKROOT = watchos;
				SKIP_INSTALL = YES;
				SWIFT_EMIT_LOC_STRINGS = YES;
				SWIFT_VERSION = 5.0;
				TARGETED_DEVICE_FAMILY = 4;
				WATCHOS_DEPLOYMENT_TARGET = 8.3;
			};
			name = Release;
		};
		65E232E12805A15E00F36319 /* Debug */ = {
			isa = XCBuildConfiguration;
			buildSettings = {
				CODE_SIGN_STYLE = Automatic;
				CURRENT_PROJECT_VERSION = 1;
				DEVELOPMENT_TEAM = 735X8389JS;
				MARKETING_VERSION = 1.0;
				PRODUCT_BUNDLE_IDENTIFIER = com.deloitte.Notes;
				PRODUCT_NAME = "$(TARGET_NAME)";
				SWIFT_VERSION = 5.0;
			};
			name = Debug;
		};
		65E232E22805A15E00F36319 /* Release */ = {
			isa = XCBuildConfiguration;
			buildSettings = {
				CODE_SIGN_STYLE = Automatic;
				CURRENT_PROJECT_VERSION = 1;
				DEVELOPMENT_TEAM = 735X8389JS;
				MARKETING_VERSION = 1.0;
				PRODUCT_BUNDLE_IDENTIFIER = com.deloitte.Notes;
				PRODUCT_NAME = "$(TARGET_NAME)";
				SWIFT_VERSION = 5.0;
			};
			name = Release;
		};
/* End XCBuildConfiguration section */

/* Begin XCConfigurationList section */
		65E232AE2805A15A00F36319 /* Build configuration list for PBXProject "Notes" */ = {
			isa = XCConfigurationList;
			buildConfigurations = (
				65E232D62805A15E00F36319 /* Debug */,
				65E232D72805A15E00F36319 /* Release */,
			);
			defaultConfigurationIsVisible = 0;
			defaultConfigurationName = Release;
		};
		65E232D82805A15E00F36319 /* Build configuration list for PBXNativeTarget "Notes WatchKit Extension" */ = {
			isa = XCConfigurationList;
			buildConfigurations = (
				65E232D92805A15E00F36319 /* Debug */,
				65E232DA2805A15E00F36319 /* Release */,
			);
			defaultConfigurationIsVisible = 0;
			defaultConfigurationName = Release;
		};
		65E232DC2805A15E00F36319 /* Build configuration list for PBXNativeTarget "Notes WatchKit App" */ = {
			isa = XCConfigurationList;
			buildConfigurations = (
				65E232DD2805A15E00F36319 /* Debug */,
				65E232DE2805A15E00F36319 /* Release */,
			);
			defaultConfigurationIsVisible = 0;
			defaultConfigurationName = Release;
		};
		65E232E02805A15E00F36319 /* Build configuration list for PBXNativeTarget "Notes" */ = {
			isa = XCConfigurationList;
			buildConfigurations = (
				65E232E12805A15E00F36319 /* Debug */,
				65E232E22805A15E00F36319 /* Release */,
			);
			defaultConfigurationIsVisible = 0;
			defaultConfigurationName = Release;
		};
/* End XCConfigurationList section */
	};
	rootObject = 65E232AB2805A15A00F36319 /* Project object */;
}
